
Microsoft Visual Studio Solution File, Format Version 12.00
# Visual Studio Version 16
VisualStudioVersion = 16.0.29519.87
MinimumVisualStudioVersion = 10.0.40219.1
Project("{FAE04EC0-301F-11D3-BF4B-00C04F79EFBC}") = "BCD_Classe", "BCD_Classe\BCD_Classe.csproj", "{D001C5A9-BB25-48CD-972C-F3C4D3F0C268}"
EndProject
Global
	GlobalSection(SolutionConfigurationPlatforms) = preSolution
		Debug|Any CPU = Debug|Any CPU
		Release|Any CPU = Release|Any CPU
	EndGlobalSection
	GlobalSection(ProjectConfigurationPlatforms) = postSolution
		{D001C5A9-BB25-48CD-972C-F3C4D3F0C268}.Debug|Any CPU.ActiveCfg = Debug|Any CPU
		{D001C5A9-BB25-48CD-972C-F3C4D3F0C268}.Debug|Any CPU.Build.0 = Debug|Any CPU
		{D001C5A9-BB25-48CD-972C-F3C4D3F0C268}.Release|Any CPU.ActiveCfg = Release|Any CPU
		{D001C5A9-BB25-48CD-972C-F3C4D3F0C268}.Release|Any CPU.Build.0 = Release|Any CPU
	EndGlobalSection
	GlobalSection(SolutionProperties) = preSolution
		HideSolutionNode = FALSE
	EndGlobalSection
	GlobalSection(ExtensibilityGlobals) = postSolution
		SolutionGuid = {960973FB-725E-4A82-95F4-E979467571C9}
	EndGlobalSection
EndGlobal
